github.com/kentoespdam/belajar-module v1.0.1 h1:zJjjq096f3uLOHlSM4GjsA/csCS+PYgxJgeN2TjzZk4=
github.com/kentoespdam/belajar-module v1.0.1/go.mod h1:V8ae89F7msGwlP3AmISkU4EtQzfmxo+BN2Vrxck7OB4=
github.com/kentoespdam/belajar-module v1.0.2 h1:zSTiSpHjcSA+oyC4Vl0C5RWxP0gbmKwz3BZVjhtFqqE=
github.com/kentoespdam/belajar-module v1.0.2/go.mod h1:V8ae89F7msGwlP3AmISkU4EtQzfmxo+BN2Vrxck7OB4=
